PODS:
  - CocoaLumberjack (3.0.0):
    - CocoaLumberjack/Default (= 3.0.0)
    - CocoaLumberjack/Extensions (= 3.0.0)
  - CocoaLumberjack/Core (3.0.0)
  - CocoaLumberjack/Default (3.0.0):
    - CocoaLumberjack/Core
  - CocoaLumberjack/Extensions (3.0.0):
    - CocoaLumberjack/Default
  - Sprout (3.0):
    - CocoaLumberjack (~> 3.0)

DEPENDENCIES:
  - Sprout (from `..`)

EXTERNAL SOURCES:
  Sprout:
    :path: ".."

SPEC CHECKSUMS:
  CocoaLumberjack: c823149bccc5519a9447aeb433be7b1212a7d6a5
  Sprout: 05bc01877b41a1acf9569f4dfdbd25b0b93c98ca

PODFILE CHECKSUM: 0c860ebe41edf5cb0ca3f8bdd28a702c12db0368

COCOAPODS: 1.1.1
