PODS:
  - AppCenter/Core (4.3.0)
  - CocoaLumberjack (3.7.2):
    - CocoaLumberjack/Core (= 3.7.2)
  - CocoaLumberjack/Core (3.7.2)
  - Sprout (3.2):
    - CocoaLumberjack (~> 3.7)

DEPENDENCIES:
  - AppCenter/Core (~> 4.3)
  - Sprout (from `..`)

SPEC REPOS:
  https://github.com/CocoaPods/Specs.git:
    - AppCenter
    - CocoaLumberjack

EXTERNAL SOURCES:
  Sprout:
    :path: ".."

SPEC CHECKSUMS:
  AppCenter: 883369ab78427b0561c688158d689dfe1f993ea9
  CocoaLumberjack: b7e05132ff94f6ae4dfa9d5bce9141893a21d9da
  Sprout: 4d7109f39715f4815c44c36cd3ba6807b8d6a3a8

PODFILE CHECKSUM: 0009af4da395db3229373326d7ffa876ae1489d1

COCOAPODS: 1.11.2
